// !$*UTF8*$!
{
	archiveVersion = 1;
	classes = {
	};
	objectVersion = 56;
	objects = {

/* Begin PBXBuildFile section */
		F7B7C1972C5A7AD1008EA8BB /* MyTabBarController.swift in Sources */ = {isa = PBXBuildFile; fileRef = F7B7C1962C5A7AD1008EA8BB /* MyTabBarController.swift */; };
		F7B7C19D2C5A82A6008EA8BB /* MyTableViewCell.swift in Sources */ = {isa = PBXBuildFile; fileRef = F7B7C19C2C5A82A6008EA8BB /* MyTableViewCell.swift */; };
		F7BD78B22C5A6EA100052F64 /* AppDelegate.swift in Sources */ = {isa = PBXBuildFile; fileRef = F7BD78B12C5A6EA100052F64 /* AppDelegate.swift */; };
		F7BD78B92C5A6EA100052F64 /* Base in Resources */ = {isa = PBXBuildFile; fileRef = F7BD78B82C5A6EA100052F64 /* Base */; };
		F7BD78BB2C5A6EA300052F64 /* Assets.xcassets in Resources */ = {isa = PBXBuildFile; fileRef = F7BD78BA2C5A6EA300052F64 /* Assets.xcassets */; };
		F7BD78BE2C5A6EA300052F64 /* Base in Resources */ = {isa = PBXBuildFile; fileRef = F7BD78BD2C5A6EA300052F64 /* Base */; };
		F7BD78CE2C5A705C00052F64 /* Extensions.swift in Sources */ = {isa = PBXBuildFile; fileRef = F7BD78CD2C5A705C00052F64 /* Extensions.swift */; };
		F7BD78D02C5A707300052F64 /* UIStoryboard+Storyboards.swift in Sources */ = {isa = PBXBuildFile; fileRef = F7BD78CF2C5A707300052F64 /* UIStoryboard+Storyboards.swift */; };
		F7BD78D22C5A709D00052F64 /* DefaultViewActionHandlersContainer.swift in Sources */ = {isa = PBXBuildFile; fileRef = F7BD78D12C5A709D00052F64 /* DefaultViewActionHandlersContainer.swift */; };
		F7BD78D42C5A70B400052F64 /* Presenter.swift in Sources */ = {isa = PBXBuildFile; fileRef = F7BD78D32C5A70B400052F64 /* Presenter.swift */; };
		F7BD78D62C5A70D400052F64 /* ViewController.swift in Sources */ = {isa = PBXBuildFile; fileRef = F7BD78D52C5A70D400052F64 /* ViewController.swift */; };
		F7BD78D82C5A70F600052F64 /* RecipesProtocols.swift in Sources */ = {isa = PBXBuildFile; fileRef = F7BD78D72C5A70F600052F64 /* RecipesProtocols.swift */; };
		F7BD78DA2C5A712000052F64 /* RecipesPresenter.swift in Sources */ = {isa = PBXBuildFile; fileRef = F7BD78D92C5A712000052F64 /* RecipesPresenter.swift */; };
		F7BD78DC2C5A714F00052F64 /* RecipesViewController.swift in Sources */ = {isa = PBXBuildFile; fileRef = F7BD78DB2C5A714F00052F64 /* RecipesViewController.swift */; };
		F7BD78DE2C5A718E00052F64 /* ViewFactory.swift in Sources */ = {isa = PBXBuildFile; fileRef = F7BD78DD2C5A718E00052F64 /* ViewFactory.swift */; };
		F7BD78E32C5A771C00052F64 /* CategoriesProtocols.swift in Sources */ = {isa = PBXBuildFile; fileRef = F7BD78E22C5A771C00052F64 /* CategoriesProtocols.swift */; };
		F7BD78E52C5A772F00052F64 /* CategoriesPresenter.swift in Sources */ = {isa = PBXBuildFile; fileRef = F7BD78E42C5A772F00052F64 /* CategoriesPresenter.swift */; };
		F7BD78E72C5A773A00052F64 /* CategoriesViewController.swift in Sources */ = {isa = PBXBuildFile; fileRef = F7BD78E62C5A773A00052F64 /* CategoriesViewController.swift */; };
		F7EF4B372C89F1E600B9A96D /*  NetworkManager.swift in Sources */ = {isa = PBXBuildFile; fileRef = F7EF4B362C89F1E600B9A96D /*  NetworkManager.swift */; };
		F7EF4B392C89F22100B9A96D /* Recipe.swift in Sources */ = {isa = PBXBuildFile; fileRef = F7EF4B382C89F22100B9A96D /* Recipe.swift */; };
		F7EF4B3C2C89F4C100B9A96D /* DetailProtocols.swift in Sources */ = {isa = PBXBuildFile; fileRef = F7EF4B3B2C89F4C100B9A96D /* DetailProtocols.swift */; };
		F7EF4B3E2C89F4D200B9A96D /* DetailPresenter.swift in Sources */ = {isa = PBXBuildFile; fileRef = F7EF4B3D2C89F4D200B9A96D /* DetailPresenter.swift */; };
		F7EF4B402C89F4E100B9A96D /* DetailViewController.swift in Sources */ = {isa = PBXBuildFile; fileRef = F7EF4B3F2C89F4E100B9A96D /* DetailViewController.swift */; };
		F7EF4B422C89F71F00B9A96D /* RecipeCollectionViewCell.swift in Sources */ = {isa = PBXBuildFile; fileRef = F7EF4B412C89F71F00B9A96D /* RecipeCollectionViewCell.swift */; };
/* End PBXBuildFile section */

/* Begin PBXFileReference section */
		F7B7C1962C5A7AD1008EA8BB /* MyTabBarController.swift */ = {isa = PBXFileReference; lastKnownFileType = sourcecode.swift; path = MyTabBarController.swift; sourceTree = "<group>"; };
		F7B7C19C2C5A82A6008EA8BB /* MyTableViewCell.swift */ = {isa = PBXFileReference; lastKnownFileType = sourcecode.swift; path = MyTableViewCell.swift; sourceTree = "<group>"; };
		F7BD78AE2C5A6EA100052F64 /* recipesAppMvp.app */ = {isa = PBXFileReference; explicitFileType = wrapper.application; includeInIndex = 0; path = recipesAppMvp.app; sourceTree = BUILT_PRODUCTS_DIR; };
		F7BD78B12C5A6EA100052F64 /* AppDelegate.swift */ = {isa = PBXFileReference; lastKnownFileType = sourcecode.swift; path = AppDelegate.swift; sourceTree = "<group>"; };
		F7BD78B82C5A6EA100052F64 /* Base */ = {isa = PBXFileReference; lastKnownFileType = file.storyboard; name = Base; path = Base.lproj/Main.storyboard; sourceTree = "<group>"; };
		F7BD78BA2C5A6EA300052F64 /* Assets.xcassets */ = {isa = PBXFileReference; lastKnownFileType = folder.assetcatalog; path = Assets.xcassets; sourceTree = "<group>"; };
		F7BD78BD2C5A6EA300052F64 /* Base */ = {isa = PBXFileReference; lastKnownFileType = file.storyboard; name = Base; path = Base.lproj/LaunchScreen.storyboard; sourceTree = "<group>"; };
		F7BD78BF2C5A6EA300052F64 /* Info.plist */ = {isa = PBXFileReference; lastKnownFileType = text.plist.xml; path = Info.plist; sourceTree = "<group>"; };
		F7BD78CD2C5A705C00052F64 /* Extensions.swift */ = {isa = PBXFileReference; lastKnownFileType = sourcecode.swift; path = Extensions.swift; sourceTree = "<group>"; };
		F7BD78CF2C5A707300052F64 /* UIStoryboard+Storyboards.swift */ = {isa = PBXFileReference; lastKnownFileType = sourcecode.swift; path = "UIStoryboard+Storyboards.swift"; sourceTree = "<group>"; };
		F7BD78D12C5A709D00052F64 /* DefaultViewActionHandlersContainer.swift */ = {isa = PBXFileReference; lastKnownFileType = sourcecode.swift; path = DefaultViewActionHandlersContainer.swift; sourceTree = "<group>"; };
		F7BD78D32C5A70B400052F64 /* Presenter.swift */ = {isa = PBXFileReference; lastKnownFileType = sourcecode.swift; path = Presenter.swift; sourceTree = "<group>"; };
		F7BD78D52C5A70D400052F64 /* ViewController.swift */ = {isa = PBXFileReference; lastKnownFileType = sourcecode.swift; path = ViewController.swift; sourceTree = "<group>"; };
		F7BD78D72C5A70F600052F64 /* RecipesProtocols.swift */ = {isa = PBXFileReference; lastKnownFileType = sourcecode.swift; path = RecipesProtocols.swift; sourceTree = "<group>"; };
		F7BD78D92C5A712000052F64 /* RecipesPresenter.swift */ = {isa = PBXFileReference; lastKnownFileType = sourcecode.swift; path = RecipesPresenter.swift; sourceTree = "<group>"; };
		F7BD78DB2C5A714F00052F64 /* RecipesViewController.swift */ = {isa = PBXFileReference; lastKnownFileType = sourcecode.swift; path = RecipesViewController.swift; sourceTree = "<group>"; };
		F7BD78DD2C5A718E00052F64 /* ViewFactory.swift */ = {isa = PBXFileReference; lastKnownFileType = sourcecode.swift; path = ViewFactory.swift; sourceTree = "<group>"; };
		F7BD78E22C5A771C00052F64 /* CategoriesProtocols.swift */ = {isa = PBXFileReference; lastKnownFileType = sourcecode.swift; path = CategoriesProtocols.swift; sourceTree = "<group>"; };
		F7BD78E42C5A772F00052F64 /* CategoriesPresenter.swift */ = {isa = PBXFileReference; lastKnownFileType = sourcecode.swift; path = CategoriesPresenter.swift; sourceTree = "<group>"; };
		F7BD78E62C5A773A00052F64 /* CategoriesViewController.swift */ = {isa = PBXFileReference; lastKnownFileType = sourcecode.swift; path = CategoriesViewController.swift; sourceTree = "<group>"; };
		F7EF4B362C89F1E600B9A96D /*  NetworkManager.swift */ = {isa = PBXFileReference; lastKnownFileType = sourcecode.swift; path = " NetworkManager.swift"; sourceTree = "<group>"; };
		F7EF4B382C89F22100B9A96D /* Recipe.swift */ = {isa = PBXFileReference; lastKnownFileType = sourcecode.swift; path = Recipe.swift; sourceTree = "<group>"; };
		F7EF4B3B2C89F4C100B9A96D /* DetailProtocols.swift */ = {isa = PBXFileReference; lastKnownFileType = sourcecode.swift; path = DetailProtocols.swift; sourceTree = "<group>"; };
		F7EF4B3D2C89F4D200B9A96D /* DetailPresenter.swift */ = {isa = PBXFileReference; lastKnownFileType = sourcecode.swift; path = DetailPresenter.swift; sourceTree = "<group>"; };
		F7EF4B3F2C89F4E100B9A96D /* DetailViewController.swift */ = {isa = PBXFileReference; lastKnownFileType = sourcecode.swift; path = DetailViewController.swift; sourceTree = "<group>"; };
		F7EF4B412C89F71F00B9A96D /* RecipeCollectionViewCell.swift */ = {isa = PBXFileReference; lastKnownFileType = sourcecode.swift; path = RecipeCollectionViewCell.swift; sourceTree = "<group>"; };
/* End PBXFileReference section */

/* Begin PBXFrameworksBuildPhase section */
		F7BD78AB2C5A6EA100052F64 /* Frameworks */ = {
			isa = PBXFrameworksBuildPhase;
			buildActionMask = 2147483647;
			files = (
			);
			runOnlyForDeploymentPostprocessing = 0;
		};
/* End PBXFrameworksBuildPhase section */

/* Begin PBXGroup section */
		F7B7C1982C5A7E46008EA8BB /* Utils */ = {
			isa = PBXGroup;
			children = (
				F7B7C1962C5A7AD1008EA8BB /* MyTabBarController.swift */,
			);
			path = Utils;
			sourceTree = "<group>";
		};
		F7B7C1992C5A7EC7008EA8BB /* Utils */ = {
			isa = PBXGroup;
			children = (
				F7B7C19C2C5A82A6008EA8BB /* MyTableViewCell.swift */,
			);
			path = Utils;
			sourceTree = "<group>";
		};
		F7BD78A52C5A6EA100052F64 = {
			isa = PBXGroup;
			children = (
				F7BD78B02C5A6EA100052F64 /* recipesAppMvp */,
				F7BD78AF2C5A6EA100052F64 /* Products */,
			);
			sourceTree = "<group>";
		};
		F7BD78AF2C5A6EA100052F64 /* Products */ = {
			isa = PBXGroup;
			children = (
				F7BD78AE2C5A6EA100052F64 /* recipesAppMvp.app */,
			);
			name = Products;
			sourceTree = "<group>";
		};
		F7BD78B02C5A6EA100052F64 /* recipesAppMvp */ = {
			isa = PBXGroup;
			children = (
				F7BD78C52C5A6F5F00052F64 /* Kit */,
				F7BD78C82C5A6F9500052F64 /* Utils */,
				F7BD78CB2C5A700100052F64 /* Modules */,
				F7BD78DF2C5A71D100052F64 /* Support_Files */,
				F7BD78E02C5A71FC00052F64 /* Storyboards */,
				F7BD78B12C5A6EA100052F64 /* AppDelegate.swift */,
			);
			path = recipesAppMvp;
			sourceTree = "<group>";
		};
		F7BD78C52C5A6F5F00052F64 /* Kit */ = {
			isa = PBXGroup;
			children = (
				F7BD78C72C5A6F6F00052F64 /* Network */,
				F7BD78C62C5A6F6700052F64 /* Models */,
			);
			path = Kit;
			sourceTree = "<group>";
		};
		F7BD78C62C5A6F6700052F64 /* Models */ = {
			isa = PBXGroup;
			children = (
				F7EF4B382C89F22100B9A96D /* Recipe.swift */,
			);
			path = Models;
			sourceTree = "<group>";
		};
		F7BD78C72C5A6F6F00052F64 /* Network */ = {
			isa = PBXGroup;
			children = (
				F7EF4B362C89F1E600B9A96D /*  NetworkManager.swift */,
			);
			path = Network;
			sourceTree = "<group>";
		};
		F7BD78C82C5A6F9500052F64 /* Utils */ = {
			isa = PBXGroup;
			children = (
				F7BD78C92C5A6FA900052F64 /* Extensions */,
				F7BD78CA2C5A6FBE00052F64 /* Architecture */,
			);
			path = Utils;
			sourceTree = "<group>";
		};
		F7BD78C92C5A6FA900052F64 /* Extensions */ = {
			isa = PBXGroup;
			children = (
				F7BD78CD2C5A705C00052F64 /* Extensions.swift */,
				F7BD78CF2C5A707300052F64 /* UIStoryboard+Storyboards.swift */,
			);
			path = Extensions;
			sourceTree = "<group>";
		};
		F7BD78CA2C5A6FBE00052F64 /* Architecture */ = {
			isa = PBXGroup;
			children = (
				F7BD78D12C5A709D00052F64 /* DefaultViewActionHandlersContainer.swift */,
				F7BD78D32C5A70B400052F64 /* Presenter.swift */,
				F7BD78D52C5A70D400052F64 /* ViewController.swift */,
			);
			path = Architecture;
			sourceTree = "<group>";
		};
		F7BD78CB2C5A700100052F64 /* Modules */ = {
			isa = PBXGroup;
			children = (
				F7EF4B3A2C89F46500B9A96D /* Detail */,
				F7B7C1982C5A7E46008EA8BB /* Utils */,
				F7BD78E12C5A770600052F64 /* Categories */,
				F7BD78CC2C5A701100052F64 /* Recipes */,
				F7BD78DD2C5A718E00052F64 /* ViewFactory.swift */,
			);
			path = Modules;
			sourceTree = "<group>";
		};
		F7BD78CC2C5A701100052F64 /* Recipes */ = {
			isa = PBXGroup;
			children = (
				F7BD78D72C5A70F600052F64 /* RecipesProtocols.swift */,
				F7BD78D92C5A712000052F64 /* RecipesPresenter.swift */,
				F7BD78DB2C5A714F00052F64 /* RecipesViewController.swift */,
			);
			path = Recipes;
			sourceTree = "<group>";
		};
		F7BD78DF2C5A71D100052F64 /* Support_Files */ = {
			isa = PBXGroup;
			children = (
				F7BD78BA2C5A6EA300052F64 /* Assets.xcassets */,
				F7BD78BF2C5A6EA300052F64 /* Info.plist */,
			);
			name = Support_Files;
			sourceTree = "<group>";
		};
		F7BD78E02C5A71FC00052F64 /* Storyboards */ = {
			isa = PBXGroup;
			children = (
				F7BD78B72C5A6EA100052F64 /* Main.storyboard */,
				F7BD78BC2C5A6EA300052F64 /* LaunchScreen.storyboard */,
			);
			name = Storyboards;
			sourceTree = "<group>";
		};
		F7BD78E12C5A770600052F64 /* Categories */ = {
			isa = PBXGroup;
			children = (
				F7B7C1992C5A7EC7008EA8BB /* Utils */,
				F7BD78E22C5A771C00052F64 /* CategoriesProtocols.swift */,
				F7BD78E42C5A772F00052F64 /* CategoriesPresenter.swift */,
				F7BD78E62C5A773A00052F64 /* CategoriesViewController.swift */,
			);
			path = Categories;
			sourceTree = "<group>";
		};
		F7EF4B3A2C89F46500B9A96D /* Detail */ = {
			isa = PBXGroup;
			children = (
				F7EF4B3B2C89F4C100B9A96D /* DetailProtocols.swift */,
				F7EF4B3D2C89F4D200B9A96D /* DetailPresenter.swift */,
				F7EF4B3F2C89F4E100B9A96D /* DetailViewController.swift */,
				F7EF4B412C89F71F00B9A96D /* RecipeCollectionViewCell.swift */,
			);
			path = Detail;
			sourceTree = "<group>";
		};
/* End PBXGroup section */

/* Begin PBXNativeTarget section */
		F7BD78AD2C5A6EA100052F64 /* recipesAppMvp */ = {
			isa = PBXNativeTarget;
			buildConfigurationList = F7BD78C22C5A6EA300052F64 /* Build configuration list for PBXNativeTarget "recipesAppMvp" */;
			buildPhases = (
				F7BD78AA2C5A6EA100052F64 /* Sources */,
				F7BD78AB2C5A6EA100052F64 /* Frameworks */,
				F7BD78AC2C5A6EA100052F64 /* Resources */,
			);
			buildRules = (
			);
			dependencies = (
			);
			name = recipesAppMvp;
			productName = recipesAppMvp;
			productReference = F7BD78AE2C5A6EA100052F64 /* recipesAppMvp.app */;
			productType = "com.apple.product-type.application";
		};
/* End PBXNativeTarget section */

/* Begin PBXProject section */
		F7BD78A62C5A6EA100052F64 /* Project object */ = {
			isa = PBXProject;
			attributes = {
				BuildIndependentTargetsInParallel = 1;
				LastSwiftUpdateCheck = 1540;
				LastUpgradeCheck = 1540;
				TargetAttributes = {
					F7BD78AD2C5A6EA100052F64 = {
						CreatedOnToolsVersion = 15.4;
					};
				};
			};
			buildConfigurationList = F7BD78A92C5A6EA100052F64 /* Build configuration list for PBXProject "recipesAppMvp" */;
			compatibilityVersion = "Xcode 14.0";
			developmentRegion = en;
			hasScannedForEncodings = 0;
			knownRegions = (
				en,
				Base,
			);
			mainGroup = F7BD78A52C5A6EA100052F64;
			productRefGroup = F7BD78AF2C5A6EA100052F64 /* Products */;
			projectDirPath = "";
			projectRoot = "";
			targets = (
				F7BD78AD2C5A6EA100052F64 /* recipesAppMvp */,
			);
		};
/* End PBXProject section */

/* Begin PBXResourcesBuildPhase section */
		F7BD78AC2C5A6EA100052F64 /* Resources */ = {
			isa = PBXResourcesBuildPhase;
			buildActionMask = 2147483647;
			files = (
				F7BD78BB2C5A6EA300052F64 /* Assets.xcassets in Resources */,
				F7BD78BE2C5A6EA300052F64 /* Base in Resources */,
				F7BD78B92C5A6EA100052F64 /* Base in Resources */,
			);
			runOnlyForDeploymentPostprocessing = 0;
		};
/* End PBXResourcesBuildPhase section */

/* Begin PBXSourcesBuildPhase section */
		F7BD78AA2C5A6EA100052F64 /* Sources */ = {
			isa = PBXSourcesBuildPhase;
			buildActionMask = 2147483647;
			files = (
				F7BD78D62C5A70D400052F64 /* ViewController.swift in Sources */,
				F7BD78D42C5A70B400052F64 /* Presenter.swift in Sources */,
				F7BD78DC2C5A714F00052F64 /* RecipesViewController.swift in Sources */,
				F7BD78DA2C5A712000052F64 /* RecipesPresenter.swift in Sources */,
				F7BD78D22C5A709D00052F64 /* DefaultViewActionHandlersContainer.swift in Sources */,
				F7EF4B392C89F22100B9A96D /* Recipe.swift in Sources */,
				F7EF4B372C89F1E600B9A96D /*  NetworkManager.swift in Sources */,
				F7EF4B402C89F4E100B9A96D /* DetailViewController.swift in Sources */,
				F7BD78E32C5A771C00052F64 /* CategoriesProtocols.swift in Sources */,
				F7BD78E52C5A772F00052F64 /* CategoriesPresenter.swift in Sources */,
				F7BD78D82C5A70F600052F64 /* RecipesProtocols.swift in Sources */,
				F7EF4B3E2C89F4D200B9A96D /* DetailPresenter.swift in Sources */,
				F7EF4B3C2C89F4C100B9A96D /* DetailProtocols.swift in Sources */,
				F7B7C19D2C5A82A6008EA8BB /* MyTableViewCell.swift in Sources */,
				F7BD78CE2C5A705C00052F64 /* Extensions.swift in Sources */,
				F7BD78DE2C5A718E00052F64 /* ViewFactory.swift in Sources */,
				F7BD78B22C5A6EA100052F64 /* AppDelegate.swift in Sources */,
				F7BD78D02C5A707300052F64 /* UIStoryboard+Storyboards.swift in Sources */,
				F7EF4B422C89F71F00B9A96D /* RecipeCollectionViewCell.swift in Sources */,
				F7BD78E72C5A773A00052F64 /* CategoriesViewController.swift in Sources */,
				F7B7C1972C5A7AD1008EA8BB /* MyTabBarController.swift in Sources */,
			);
			runOnlyForDeploymentPostprocessing = 0;
		};
/* End PBXSourcesBuildPhase section */

/* Begin PBXVariantGroup section */
		F7BD78B72C5A6EA100052F64 /* Main.storyboard */ = {
			isa = PBXVariantGroup;
			children = (
				F7BD78B82C5A6EA100052F64 /* Base */,
			);
			name = Main.storyboard;
			sourceTree = "<group>";
		};
		F7BD78BC2C5A6EA300052F64 /* LaunchScreen.storyboard */ = {
			isa = PBXVariantGroup;
			children = (
				F7BD78BD2C5A6EA300052F64 /* Base */,
			);
			name = LaunchScreen.storyboard;
			sourceTree = "<group>";
		};
/* End PBXVariantGroup section */

/* Begin XCBuildConfiguration section */
		F7BD78C02C5A6EA300052F64 /* Debug */ = {
			isa = XCBuildConfiguration;
			buildSettings = {
				ALWAYS_SEARCH_USER_PATHS = NO;
				ASSETCATALOG_COMPILER_GENERATE_SWIFT_ASSET_SYMBOL_EXTENSIONS = YES;
				CLANG_ANALYZER_NONNULL = YES;
				CLANG_ANALYZER_NUMBER_OBJECT_CONVERSION = YES_AGGRESSIVE;
				CLANG_CXX_LANGUAGE_STANDARD = "gnu++20";
				CLANG_ENABLE_MODULES = YES;
				CLANG_ENABLE_OBJC_ARC = YES;
				CLANG_ENABLE_OBJC_WEAK = YES;
				CLANG_WARN_BLOCK_CAPTURE_AUTORELEASING = YES;
				CLANG_WARN_BOOL_CONVERSION = YES;
				CLANG_WARN_COMMA = YES;
				CLANG_WARN_CONSTANT_CONVERSION = YES;
				CLANG_WARN_DEPRECATED_OBJC_IMPLEMENTATIONS = YES;
				CLANG_WARN_DIRECT_OBJC_ISA_USAGE = YES_ERROR;
				CLANG_WARN_DOCUMENTATION_COMMENTS = YES;
				CLANG_WARN_EMPTY_BODY = YES;
				CLANG_WARN_ENUM_CONVERSION = YES;
				CLANG_WARN_INFINITE_RECURSION = YES;
				CLANG_WARN_INT_CONVERSION = YES;
				CLANG_WARN_NON_LITERAL_NULL_CONVERSION = YES;
				CLANG_WARN_OBJC_IMPLICIT_RETAIN_SELF = YES;
				CLANG_WARN_OBJC_LITERAL_CONVERSION = YES;
				CLANG_WARN_OBJC_ROOT_CLASS = YES_ERROR;
				CLANG_WARN_QUOTED_INCLUDE_IN_FRAMEWORK_HEADER = YES;
				CLANG_WARN_RANGE_LOOP_ANALYSIS = YES;
				CLANG_WARN_STRICT_PROTOTYPES = YES;
				CLANG_WARN_SUSPICIOUS_MOVE = YES;
				CLANG_WARN_UNGUARDED_AVAILABILITY = YES_AGGRESSIVE;
				CLANG_WARN_UNREACHABLE_CODE = YES;
				CLANG_WARN__DUPLICATE_METHOD_MATCH = YES;
				COPY_PHASE_STRIP = NO;
				DEBUG_INFORMATION_FORMAT = dwarf;
				ENABLE_STRICT_OBJC_MSGSEND = YES;
				ENABLE_TESTABILITY = YES;
				ENABLE_USER_SCRIPT_SANDBOXING = YES;
				GCC_C_LANGUAGE_STANDARD = gnu17;
				GCC_DYNAMIC_NO_PIC = NO;
				GCC_NO_COMMON_BLOCKS = YES;
				GCC_OPTIMIZATION_LEVEL = 0;
				GCC_PREPROCESSOR_DEFINITIONS = (
					"DEBUG=1",
					"$(inherited)",
				);
				GCC_WARN_64_TO_32_BIT_CONVERSION = YES;
				GCC_WARN_ABOUT_RETURN_TYPE = YES_ERROR;
				GCC_WARN_UNDECLARED_SELECTOR = YES;
				GCC_WARN_UNINITIALIZED_AUTOS = YES_AGGRESSIVE;
				GCC_WARN_UNUSED_FUNCTION = YES;
				GCC_WARN_UNUSED_VARIABLE = YES;
				IPHONEOS_DEPLOYMENT_TARGET = 17.5;
				LOCALIZATION_PREFERS_STRING_CATALOGS = YES;
				MTL_ENABLE_DEBUG_INFO = INCLUDE_SOURCE;
				MTL_FAST_MATH = YES;
				ONLY_ACTIVE_ARCH = YES;
				SDKROOT = iphoneos;
				SWIFT_ACTIVE_COMPILATION_CONDITIONS = "DEBUG $(inherited)";
				SWIFT_OPTIMIZATION_LEVEL = "-Onone";
			};
			name = Debug;
		};
		F7BD78C12C5A6EA300052F64 /* Release */ = {
			isa = XCBuildConfiguration;
			buildSettings = {
				ALWAYS_SEARCH_USER_PATHS = NO;
				ASSETCATALOG_COMPILER_GENERATE_SWIFT_ASSET_SYMBOL_EXTENSIONS = YES;
				CLANG_ANALYZER_NONNULL = YES;
				CLANG_ANALYZER_NUMBER_OBJECT_CONVERSION = YES_AGGRESSIVE;
				CLANG_CXX_LANGUAGE_STANDARD = "gnu++20";
				CLANG_ENABLE_MODULES = YES;
				CLANG_ENABLE_OBJC_ARC = YES;
				CLANG_ENABLE_OBJC_WEAK = YES;
				CLANG_WARN_BLOCK_CAPTURE_AUTORELEASING = YES;
				CLANG_WARN_BOOL_CONVERSION = YES;
				CLANG_WARN_COMMA = YES;
				CLANG_WARN_CONSTANT_CONVERSION = YES;
				CLANG_WARN_DEPRECATED_OBJC_IMPLEMENTATIONS = YES;
				CLANG_WARN_DIRECT_OBJC_ISA_USAGE = YES_ERROR;
				CLANG_WARN_DOCUMENTATION_COMMENTS = YES;
				CLANG_WARN_EMPTY_BODY = YES;
				CLANG_WARN_ENUM_CONVERSION = YES;
				CLANG_WARN_INFINITE_RECURSION = YES;
				CLANG_WARN_INT_CONVERSION = YES;
				CLANG_WARN_NON_LITERAL_NULL_CONVERSION = YES;
				CLANG_WARN_OBJC_IMPLICIT_RETAIN_SELF = YES;
				CLANG_WARN_OBJC_LITERAL_CONVERSION = YES;
				CLANG_WARN_OBJC_ROOT_CLASS = YES_ERROR;
				CLANG_WARN_QUOTED_INCLUDE_IN_FRAMEWORK_HEADER = YES;
				CLANG_WARN_RANGE_LOOP_ANALYSIS = YES;
				CLANG_WARN_STRICT_PROTOTYPES = YES;
				CLANG_WARN_SUSPICIOUS_MOVE = YES;
				CLANG_WARN_UNGUARDED_AVAILABILITY = YES_AGGRESSIVE;
				CLANG_WARN_UNREACHABLE_CODE = YES;
				CLANG_WARN__DUPLICATE_METHOD_MATCH = YES;
				COPY_PHASE_STRIP = NO;
				DEBUG_INFORMATION_FORMAT = "dwarf-with-dsym";
				ENABLE_NS_ASSERTIONS = NO;
				ENABLE_STRICT_OBJC_MSGSEND = YES;
				ENABLE_USER_SCRIPT_SANDBOXING = YES;
				GCC_C_LANGUAGE_STANDARD = gnu17;
				GCC_NO_COMMON_BLOCKS = YES;
				GCC_WARN_64_TO_32_BIT_CONVERSION = YES;
				GCC_WARN_ABOUT_RETURN_TYPE = YES_ERROR;
				GCC_WARN_UNDECLARED_SELECTOR = YES;
				GCC_WARN_UNINITIALIZED_AUTOS = YES_AGGRESSIVE;
				GCC_WARN_UNUSED_FUNCTION = YES;
				GCC_WARN_UNUSED_VARIABLE = YES;
				IPHONEOS_DEPLOYMENT_TARGET = 17.5;
				LOCALIZATION_PREFERS_STRING_CATALOGS = YES;
				MTL_ENABLE_DEBUG_INFO = NO;
				MTL_FAST_MATH = YES;
				SDKROOT = iphoneos;
				SWIFT_COMPILATION_MODE = wholemodule;
				VALIDATE_PRODUCT = YES;
			};
			name = Release;
		};
		F7BD78C32C5A6EA300052F64 /* Debug */ = {
			isa = XCBuildConfiguration;
			buildSettings = {
				ASSETCATALOG_COMPILER_APPICON_NAME = AppIcon;
				ASSETCATALOG_COMPILER_GLOBAL_ACCENT_COLOR_NAME = AccentColor;
				CODE_SIGN_STYLE = Automatic;
				CURRENT_PROJECT_VERSION = 1;
				DEVELOPMENT_TEAM = 47CJ769Y3U;
				GENERATE_INFOPLIST_FILE = YES;
				INFOPLIST_FILE = recipesAppMvp/Info.plist;
				INFOPLIST_KEY_UIApplicationSupportsIndirectInputEvents = YES;
				INFOPLIST_KEY_UILaunchStoryboardName = LaunchScreen;
				INFOPLIST_KEY_UIMainStoryboardFile = Main;
				INFOPLIST_KEY_UISupportedInterfaceOrientations = UIInterfaceOrientationPortrait;
				INFOPLIST_KEY_UISupportedInterfaceOrientations_iPad = "UIInterfaceOrientationLandscapeLeft UIInterfaceOrientationLandscapeRight UIInterfaceOrientationPortrait UIInterfaceOrientationPortraitUpsideDown";
				IPHONEOS_DEPLOYMENT_TARGET = 17.0;
				LD_RUNPATH_SEARCH_PATHS = (
					"$(inherited)",
					"@executable_path/Frameworks",
				);
				MARKETING_VERSION = 1.0;
				PRODUCT_BUNDLE_IDENTIFIER = com.dogaaa.recipesAppMvp;
				PRODUCT_NAME = "$(TARGET_NAME)";
				SUPPORTED_PLATFORMS = "iphoneos iphonesimulator";
				SUPPORTS_MACCATALYST = NO;
				SUPPORTS_MAC_DESIGNED_FOR_IPHONE_IPAD = NO;
				SUPPORTS_XR_DESIGNED_FOR_IPHONE_IPAD = NO;
				SWIFT_EMIT_LOC_STRINGS = YES;
				SWIFT_VERSION = 5.0;
				TARGETED_DEVICE_FAMILY = 1;
			};
			name = Debug;
		};
		F7BD78C42C5A6EA300052F64 /* Release */ = {
			isa = XCBuildConfiguration;
			buildSettings = {
				ASSETCATALOG_COMPILER_APPICON_NAME = AppIcon;
				ASSETCATALOG_COMPILER_GLOBAL_ACCENT_COLOR_NAME = AccentColor;
				CODE_SIGN_STYLE = Automatic;
				CURRENT_PROJECT_VERSION = 1;
				DEVELOPMENT_TEAM = 47CJ769Y3U;
				GENERATE_INFOPLIST_FILE = YES;
				INFOPLIST_FILE = recipesAppMvp/Info.plist;
				INFOPLIST_KEY_UIApplicationSupportsIndirectInputEvents = YES;
				INFOPLIST_KEY_UILaunchStoryboardName = LaunchScreen;
				INFOPLIST_KEY_UIMainStoryboardFile = Main;
				INFOPLIST_KEY_UISupportedInterfaceOrientations = UIInterfaceOrientationPortrait;
				INFOPLIST_KEY_UISupportedInterfaceOrientations_iPad = "UIInterfaceOrientationLandscapeLeft UIInterfaceOrientationLandscapeRight UIInterfaceOrientationPortrait UIInterfaceOrientationPortraitUpsideDown";
				IPHONEOS_DEPLOYMENT_TARGET = 17.0;
				LD_RUNPATH_SEARCH_PATHS = (
					"$(inherited)",
					"@executable_path/Frameworks",
				);
				MARKETING_VERSION = 1.0;
				PRODUCT_BUNDLE_IDENTIFIER = com.dogaaa.recipesAppMvp;
				PRODUCT_NAME = "$(TARGET_NAME)";
				SUPPORTED_PLATFORMS = "iphoneos iphonesimulator";
				SUPPORTS_MACCATALYST = NO;
				SUPPORTS_MAC_DESIGNED_FOR_IPHONE_IPAD = NO;
				SUPPORTS_XR_DESIGNED_FOR_IPHONE_IPAD = NO;
				SWIFT_EMIT_LOC_STRINGS = YES;
				SWIFT_VERSION = 5.0;
				TARGETED_DEVICE_FAMILY = 1;
			};
			name = Release;
		};
/* End XCBuildConfiguration section */

/* Begin XCConfigurationList section */
		F7BD78A92C5A6EA100052F64 /* Build configuration list for PBXProject "recipesAppMvp" */ = {
			isa = XCConfigurationList;
			buildConfigurations = (
				F7BD78C02C5A6EA300052F64 /* Debug */,
				F7BD78C12C5A6EA300052F64 /* Release */,
			);
			defaultConfigurationIsVisible = 0;
			defaultConfigurationName = Release;
		};
		F7BD78C22C5A6EA300052F64 /* Build configuration list for PBXNativeTarget "recipesAppMvp" */ = {
			isa = XCConfigurationList;
			buildConfigurations = (
				F7BD78C32C5A6EA300052F64 /* Debug */,
				F7BD78C42C5A6EA300052F64 /* Release */,
			);
			defaultConfigurationIsVisible = 0;
			defaultConfigurationName = Release;
		};
/* End XCConfigurationList section */
	};
	rootObject = F7BD78A62C5A6EA100052F64 /* Project object */;
}
